{
  "version": 4,
  "terraform_version": "1.8.4",
  "serial": 33,
  "lineage": "c7297c25-9690-de7f-65ab-a1f1cc4e9521",
  "outputs": {
    "ansible_stdout": {
      "value": "\nPLAY [all] *********************************************************************\n\nTASK [Gathering Facts] *********************************************************\nok: [172.190.252.182]\n\nTASK [update and upgrade apt packages] *****************************************\nchanged: [172.190.252.182]\n\nTASK [install apache2] *********************************************************\nchanged: [172.190.252.182]\n\nTASK [Start and enable apache service] *****************************************\nok: [172.190.252.182]\n\nPLAY RECAP *********************************************************************\n172.190.252.182            : ok=4    changed=2    unreachable=0    failed=0    skipped=0    rescued=0    ignored=0   \n\n",
      "type": "string"
    },
    "public_ip_address": {
      "value": "172.190.252.182",
      "type": "string"
    }
  },
  "resources": [
    {
      "mode": "managed",
      "type": "ansible_playbook",
      "name": "web",
      "provider": "provider[\"registry.terraform.io/ansible/ansible\"]",
      "instances": [
        {
          "schema_version": 0,
          "attributes": {
            "ansible_playbook_binary": "ansible-playbook",
            "ansible_playbook_stderr": "",
            "ansible_playbook_stdout": "\nPLAY [all] *********************************************************************\n\nTASK [Gathering Facts] *********************************************************\nok: [172.190.252.182]\n\nTASK [update and upgrade apt packages] *****************************************\nchanged: [172.190.252.182]\n\nTASK [install apache2] *********************************************************\nchanged: [172.190.252.182]\n\nTASK [Start and enable apache service] *****************************************\nok: [172.190.252.182]\n\nPLAY RECAP *********************************************************************\n172.190.252.182            : ok=4    changed=2    unreachable=0    failed=0    skipped=0    rescued=0    ignored=0   \n\n",
            "args": [
              "-e",
              "hostname=172.190.252.182",
              "-e",
              "ansible_user='azureuser'",
              "-e",
              "ansible_ssh_private_key_file='~/.ssh/id_rsa'",
              "playbook.yaml"
            ],
            "check_mode": false,
            "diff_mode": false,
            "extra_vars": {
              "ansible_ssh_private_key_file": "~/.ssh/id_rsa",
              "ansible_user": "azureuser"
            },
            "force_handlers": false,
            "groups": null,
            "id": "2024-05-31 15:38:38.451851252 +0530 IST m=+3.803070098",
            "ignore_playbook_failure": false,
            "limit": null,
            "name": "172.190.252.182",
            "playbook": "playbook.yaml",
            "replayable": true,
            "tags": null,
            "temp_inventory_file": "",
            "timeouts": null,
            "var_files": null,
            "vault_files": null,
            "vault_id": null,
            "vault_password_file": null,
            "verbosity": 0
          },
          "sensitive_attributes": [],
          "private": "eyJlMmJmYjczMC1lY2FhLTExZTYtOGY4OC0zNDM2M2JjN2M0YzAiOnsiY3JlYXRlIjozNjAwMDAwMDAwMDAwfX0=",
          "dependencies": [
            "azurerm_public_ip.ansible",
            "azurerm_resource_group.ansible"
          ]
        }
      ]
    },
    {
      "mode": "managed",
      "type": "azurerm_linux_virtual_machine",
      "name": "ansible",
      "provider": "provider[\"registry.terraform.io/hashicorp/azurerm\"]",
      "instances": [
        {
          "schema_version": 0,
          "attributes": {
            "additional_capabilities": [],
            "admin_password": null,
            "admin_ssh_key": [
              {
                "public_key": "ssh-rsa AAAAB3NzaC1yc2EAAAADAQABAAABgQDOXlcS9WTy47TPNE5aIa5DcaX/zmmppA9F35fuKsuKefhjGGu9yEfxH9dPw3nJsNlG4+rK86EAvyWVteVSB70ITiUZg00Oj5b1iNiocPtT83LRbIqGQWrym+Xbey7pAveN0uFNWjkvO6f8aXe6rKCwONRp0DvBIRKHwPPlBtBhJAMDeQ84KKpXkaOeHmLHZBKa+0+NPCfP7HHRfQhVk+Gww6oUNpRViqQVG59F9llqMQl5Wt/+eOl6tjnAoumjEF1+AvZVfGveAJ6fEU/GaTquqzQxwBOLxkDPU49eI0t4ou8oZLxpGxPgl/vC+c4uYTCYvp3Wg6/zLjJWva294sjDxNryeBYIC1r5cG6+qwxdFcmuxkOwWEywpW9zuFO24Gxyed3XTaSciMLM0TXOn5pDtNqCMXRtStF5H9kfVtSdokx0mESngDPJ0b8z2lRsunKqKLI3JS9CRrLVp0+jsWtzI3AsB0XaLTL5DWapfR5vM3O+DgIOLELOiUI+wWMFtwc= root@palmeto\n",
                "username": "azureuser"
              }
            ],
            "admin_username": "azureuser",
            "allow_extension_operations": true,
            "availability_set_id": "",
            "boot_diagnostics": [],
            "bypass_platform_safety_checks_on_user_schedule_enabled": false,
            "capacity_reservation_group_id": "",
            "computer_name": "ansible-vm",
            "custom_data": null,
            "dedicated_host_group_id": "",
            "dedicated_host_id": "",
            "disable_password_authentication": true,
            "disk_controller_type": "SCSI",
            "edge_zone": "",
            "encryption_at_host_enabled": false,
            "eviction_policy": "",
            "extensions_time_budget": "PT1H30M",
            "gallery_application": [],
            "id": "/subscriptions/25798c33-c3d0-45ba-be3e-0cca38f5de8d/resourceGroups/ansible-resources/providers/Microsoft.Compute/virtualMachines/ansible-vm",
            "identity": [],
            "license_type": "",
            "location": "eastus",
            "max_bid_price": -1,
            "name": "ansible-vm",
            "network_interface_ids": [
              "/subscriptions/25798c33-c3d0-45ba-be3e-0cca38f5de8d/resourceGroups/ansible-resources/providers/Microsoft.Network/networkInterfaces/ansible-nic"
            ],
            "os_disk": [
              {
                "caching": "ReadWrite",
                "diff_disk_settings": [],
                "disk_encryption_set_id": "",
                "disk_size_gb": 30,
                "name": "myOsDisk",
                "secure_vm_disk_encryption_set_id": "",
                "security_encryption_type": "",
                "storage_account_type": "Premium_LRS",
                "write_accelerator_enabled": false
              }
            ],
            "os_image_notification": [],
            "patch_assessment_mode": "ImageDefault",
            "patch_mode": "ImageDefault",
            "plan": [],
            "platform_fault_domain": -1,
            "priority": "Regular",
            "private_ip_address": "10.0.0.4",
            "private_ip_addresses": [
              "10.0.0.4"
            ],
            "provision_vm_agent": true,
            "proximity_placement_group_id": "",
            "public_ip_address": "172.190.252.182",
            "public_ip_addresses": [
              "172.190.252.182"
            ],
            "reboot_setting": "",
            "resource_group_name": "ansible-resources",
            "secret": [],
            "secure_boot_enabled": false,
            "size": "Standard_DS1_v2",
            "source_image_id": "",
            "source_image_reference": [
              {
                "offer": "0001-com-ubuntu-server-jammy",
                "publisher": "Canonical",
                "sku": "22_04-lts-gen2",
                "version": "latest"
              }
            ],
            "tags": {},
            "termination_notification": [],
            "timeouts": null,
            "user_data": "",
            "virtual_machine_id": "a37fea87-3dcc-4ff6-8395-813ff34e850b",
            "virtual_machine_scale_set_id": "",
            "vm_agent_platform_updates_enabled": false,
            "vtpm_enabled": false,
            "zone": ""
          },
          "sensitive_attributes": [
            [
              {
                "type": "get_attr",
                "value": "custom_data"
              }
            ],
            [
              {
                "type": "get_attr",
                "value": "admin_password"
              }
            ]
          ],
          "private": "eyJlMmJmYjczMC1lY2FhLTExZTYtOGY4OC0zNDM2M2JjN2M0YzAiOnsiY3JlYXRlIjoyNzAwMDAwMDAwMDAwLCJkZWxldGUiOjI3MDAwMDAwMDAwMDAsInJlYWQiOjMwMDAwMDAwMDAwMCwidXBkYXRlIjoyNzAwMDAwMDAwMDAwfX0=",
          "dependencies": [
            "azurerm_network_interface.ansible",
            "azurerm_network_interface_security_group_association.ansible",
            "azurerm_network_security_group.ansible",
            "azurerm_public_ip.ansible",
            "azurerm_resource_group.ansible",
            "azurerm_subnet.ansible",
            "azurerm_virtual_network.ansible"
          ]
        }
      ]
    },
    {
      "mode": "managed",
      "type": "azurerm_network_interface",
      "name": "ansible",
      "provider": "provider[\"registry.terraform.io/hashicorp/azurerm\"]",
      "instances": [
        {
          "schema_version": 0,
          "attributes": {
            "applied_dns_servers": [],
            "auxiliary_mode": "",
            "auxiliary_sku": "",
            "dns_servers": [],
            "edge_zone": "",
            "enable_accelerated_networking": false,
            "enable_ip_forwarding": false,
            "id": "/subscriptions/25798c33-c3d0-45ba-be3e-0cca38f5de8d/resourceGroups/ansible-resources/providers/Microsoft.Network/networkInterfaces/ansible-nic",
            "internal_dns_name_label": "",
            "internal_domain_name_suffix": "enmxqshdun3erpx5ljgidaqqla.bx.internal.cloudapp.net",
            "ip_configuration": [
              {
                "gateway_load_balancer_frontend_ip_configuration_id": "",
                "name": "ansible",
                "primary": true,
                "private_ip_address": "10.0.0.4",
                "private_ip_address_allocation": "Dynamic",
                "private_ip_address_version": "IPv4",
                "public_ip_address_id": "/subscriptions/25798c33-c3d0-45ba-be3e-0cca38f5de8d/resourceGroups/ansible-resources/providers/Microsoft.Network/publicIPAddresses/ansible-publicip",
                "subnet_id": "/subscriptions/25798c33-c3d0-45ba-be3e-0cca38f5de8d/resourceGroups/ansible-resources/providers/Microsoft.Network/virtualNetworks/ansible-network/subnets/ansible-subnet"
              }
            ],
            "location": "eastus",
            "mac_address": "00-0D-3A-54-66-5E",
            "name": "ansible-nic",
            "private_ip_address": "10.0.0.4",
            "private_ip_addresses": [
              "10.0.0.4"
            ],
            "resource_group_name": "ansible-resources",
            "tags": {},
            "timeouts": null,
            "virtual_machine_id": "/subscriptions/25798c33-c3d0-45ba-be3e-0cca38f5de8d/resourceGroups/ansible-resources/providers/Microsoft.Compute/virtualMachines/ansible-vm"
          },
          "sensitive_attributes": [],
          "private": "eyJlMmJmYjczMC1lY2FhLTExZTYtOGY4OC0zNDM2M2JjN2M0YzAiOnsiY3JlYXRlIjoxODAwMDAwMDAwMDAwLCJkZWxldGUiOjE4MDAwMDAwMDAwMDAsInJlYWQiOjMwMDAwMDAwMDAwMCwidXBkYXRlIjoxODAwMDAwMDAwMDAwfX0=",
          "dependencies": [
            "azurerm_public_ip.ansible",
            "azurerm_resource_group.ansible",
            "azurerm_subnet.ansible",
            "azurerm_virtual_network.ansible"
          ]
        }
      ]
    },
    {
      "mode": "managed",
      "type": "azurerm_network_interface_security_group_association",
      "name": "ansible",
      "provider": "provider[\"registry.terraform.io/hashicorp/azurerm\"]",
      "instances": [
        {
          "schema_version": 0,
          "attributes": {
            "id": "/subscriptions/25798c33-c3d0-45ba-be3e-0cca38f5de8d/resourceGroups/ansible-resources/providers/Microsoft.Network/networkInterfaces/ansible-nic|/subscriptions/25798c33-c3d0-45ba-be3e-0cca38f5de8d/resourceGroups/ansible-resources/providers/Microsoft.Network/networkSecurityGroups/ansible-nsg",
            "network_interface_id": "/subscriptions/25798c33-c3d0-45ba-be3e-0cca38f5de8d/resourceGroups/ansible-resources/providers/Microsoft.Network/networkInterfaces/ansible-nic",
            "network_security_group_id": "/subscriptions/25798c33-c3d0-45ba-be3e-0cca38f5de8d/resourceGroups/ansible-resources/providers/Microsoft.Network/networkSecurityGroups/ansible-nsg",
            "timeouts": null
          },
          "sensitive_attributes": [],
          "private": "eyJlMmJmYjczMC1lY2FhLTExZTYtOGY4OC0zNDM2M2JjN2M0YzAiOnsiY3JlYXRlIjoxODAwMDAwMDAwMDAwLCJkZWxldGUiOjE4MDAwMDAwMDAwMDAsInJlYWQiOjMwMDAwMDAwMDAwMH19",
          "dependencies": [
            "azurerm_network_interface.ansible",
            "azurerm_network_security_group.ansible",
            "azurerm_public_ip.ansible",
            "azurerm_resource_group.ansible",
            "azurerm_subnet.ansible",
            "azurerm_virtual_network.ansible"
          ]
        }
      ]
    },
    {
      "mode": "managed",
      "type": "azurerm_network_security_group",
      "name": "ansible",
      "provider": "provider[\"registry.terraform.io/hashicorp/azurerm\"]",
      "instances": [
        {
          "schema_version": 0,
          "attributes": {
            "id": "/subscriptions/25798c33-c3d0-45ba-be3e-0cca38f5de8d/resourceGroups/ansible-resources/providers/Microsoft.Network/networkSecurityGroups/ansible-nsg",
            "location": "eastus",
            "name": "ansible-nsg",
            "resource_group_name": "ansible-resources",
            "security_rule": [
              {
                "access": "Allow",
                "description": "",
                "destination_address_prefix": "*",
                "destination_address_prefixes": [],
                "destination_application_security_group_ids": [],
                "destination_port_range": "22",
                "destination_port_ranges": [],
                "direction": "Inbound",
                "name": "ssh",
                "priority": 1000,
                "protocol": "Tcp",
                "source_address_prefix": "*",
                "source_address_prefixes": [],
                "source_application_security_group_ids": [],
                "source_port_range": "*",
                "source_port_ranges": []
              },
              {
                "access": "Allow",
                "description": "",
                "destination_address_prefix": "*",
                "destination_address_prefixes": [],
                "destination_application_security_group_ids": [],
                "destination_port_range": "80",
                "destination_port_ranges": [],
                "direction": "Inbound",
                "name": "http",
                "priority": 1001,
                "protocol": "Tcp",
                "source_address_prefix": "*",
                "source_address_prefixes": [],
                "source_application_security_group_ids": [],
                "source_port_range": "*",
                "source_port_ranges": []
              }
            ],
            "tags": {},
            "timeouts": null
          },
          "sensitive_attributes": [],
          "private": "eyJlMmJmYjczMC1lY2FhLTExZTYtOGY4OC0zNDM2M2JjN2M0YzAiOnsiY3JlYXRlIjoxODAwMDAwMDAwMDAwLCJkZWxldGUiOjE4MDAwMDAwMDAwMDAsInJlYWQiOjMwMDAwMDAwMDAwMCwidXBkYXRlIjoxODAwMDAwMDAwMDAwfX0=",
          "dependencies": [
            "azurerm_resource_group.ansible"
          ]
        }
      ]
    },
    {
      "mode": "managed",
      "type": "azurerm_public_ip",
      "name": "ansible",
      "provider": "provider[\"registry.terraform.io/hashicorp/azurerm\"]",
      "instances": [
        {
          "schema_version": 0,
          "attributes": {
            "allocation_method": "Dynamic",
            "ddos_protection_mode": "VirtualNetworkInherited",
            "ddos_protection_plan_id": null,
            "domain_name_label": null,
            "edge_zone": "",
            "fqdn": null,
            "id": "/subscriptions/25798c33-c3d0-45ba-be3e-0cca38f5de8d/resourceGroups/ansible-resources/providers/Microsoft.Network/publicIPAddresses/ansible-publicip",
            "idle_timeout_in_minutes": 4,
            "ip_address": "172.190.252.182",
            "ip_tags": {},
            "ip_version": "IPv4",
            "location": "eastus",
            "name": "ansible-publicip",
            "public_ip_prefix_id": null,
            "resource_group_name": "ansible-resources",
            "reverse_fqdn": null,
            "sku": "Basic",
            "sku_tier": "Regional",
            "tags": {},
            "timeouts": null,
            "zones": []
          },
          "sensitive_attributes": [],
          "private": "eyJlMmJmYjczMC1lY2FhLTExZTYtOGY4OC0zNDM2M2JjN2M0YzAiOnsiY3JlYXRlIjoxODAwMDAwMDAwMDAwLCJkZWxldGUiOjE4MDAwMDAwMDAwMDAsInJlYWQiOjMwMDAwMDAwMDAwMCwidXBkYXRlIjoxODAwMDAwMDAwMDAwfX0=",
          "dependencies": [
            "azurerm_resource_group.ansible"
          ]
        }
      ]
    },
    {
      "mode": "managed",
      "type": "azurerm_resource_group",
      "name": "ansible",
      "provider": "provider[\"registry.terraform.io/hashicorp/azurerm\"]",
      "instances": [
        {
          "schema_version": 0,
          "attributes": {
            "id": "/subscriptions/25798c33-c3d0-45ba-be3e-0cca38f5de8d/resourceGroups/ansible-resources",
            "location": "eastus",
            "managed_by": "",
            "name": "ansible-resources",
            "tags": {},
            "timeouts": null
          },
          "sensitive_attributes": [],
          "private": "eyJlMmJmYjczMC1lY2FhLTExZTYtOGY4OC0zNDM2M2JjN2M0YzAiOnsiY3JlYXRlIjo1NDAwMDAwMDAwMDAwLCJkZWxldGUiOjU0MDAwMDAwMDAwMDAsInJlYWQiOjMwMDAwMDAwMDAwMCwidXBkYXRlIjo1NDAwMDAwMDAwMDAwfX0="
        }
      ]
    },
    {
      "mode": "managed",
      "type": "azurerm_subnet",
      "name": "ansible",
      "provider": "provider[\"registry.terraform.io/hashicorp/azurerm\"]",
      "instances": [
        {
          "schema_version": 0,
          "attributes": {
            "address_prefixes": [
              "10.0.0.0/24"
            ],
            "delegation": [],
            "enforce_private_link_endpoint_network_policies": false,
            "enforce_private_link_service_network_policies": false,
            "id": "/subscriptions/25798c33-c3d0-45ba-be3e-0cca38f5de8d/resourceGroups/ansible-resources/providers/Microsoft.Network/virtualNetworks/ansible-network/subnets/ansible-subnet",
            "name": "ansible-subnet",
            "private_endpoint_network_policies": "Enabled",
            "private_endpoint_network_policies_enabled": true,
            "private_link_service_network_policies_enabled": true,
            "resource_group_name": "ansible-resources",
            "service_endpoint_policy_ids": [],
            "service_endpoints": [],
            "timeouts": null,
            "virtual_network_name": "ansible-network"
          },
          "sensitive_attributes": [],
          "private": "eyJlMmJmYjczMC1lY2FhLTExZTYtOGY4OC0zNDM2M2JjN2M0YzAiOnsiY3JlYXRlIjoxODAwMDAwMDAwMDAwLCJkZWxldGUiOjE4MDAwMDAwMDAwMDAsInJlYWQiOjMwMDAwMDAwMDAwMCwidXBkYXRlIjoxODAwMDAwMDAwMDAwfX0=",
          "dependencies": [
            "azurerm_resource_group.ansible",
            "azurerm_virtual_network.ansible"
          ]
        }
      ]
    },
    {
      "mode": "managed",
      "type": "azurerm_virtual_network",
      "name": "ansible",
      "provider": "provider[\"registry.terraform.io/hashicorp/azurerm\"]",
      "instances": [
        {
          "schema_version": 0,
          "attributes": {
            "address_space": [
              "10.0.0.0/16"
            ],
            "bgp_community": "",
            "ddos_protection_plan": [],
            "dns_servers": [],
            "edge_zone": "",
            "encryption": [],
            "flow_timeout_in_minutes": 0,
            "guid": "48785923-a3e3-487a-beff-5a4c81821058",
            "id": "/subscriptions/25798c33-c3d0-45ba-be3e-0cca38f5de8d/resourceGroups/ansible-resources/providers/Microsoft.Network/virtualNetworks/ansible-network",
            "location": "eastus",
            "name": "ansible-network",
            "resource_group_name": "ansible-resources",
            "subnet": [
              {
                "address_prefix": "10.0.0.0/24",
                "id": "/subscriptions/25798c33-c3d0-45ba-be3e-0cca38f5de8d/resourceGroups/ansible-resources/providers/Microsoft.Network/virtualNetworks/ansible-network/subnets/ansible-subnet",
                "name": "ansible-subnet",
                "security_group": ""
              }
            ],
            "tags": {},
            "timeouts": null
          },
          "sensitive_attributes": [],
          "private": "eyJlMmJmYjczMC1lY2FhLTExZTYtOGY4OC0zNDM2M2JjN2M0YzAiOnsiY3JlYXRlIjoxODAwMDAwMDAwMDAwLCJkZWxldGUiOjE4MDAwMDAwMDAwMDAsInJlYWQiOjMwMDAwMDAwMDAwMCwidXBkYXRlIjoxODAwMDAwMDAwMDAwfX0=",
          "dependencies": [
            "azurerm_resource_group.ansible"
          ]
        }
      ]
    }
  ],
  "check_results": null
}
